
Microsoft Visual Studio Solution File, Format Version 12.00
# Visual Studio Version 17
VisualStudioVersion = 17.1.32228.430
MinimumVisualStudioVersion = 10.0.40219.1
Project("{FAE04EC0-301F-11D3-BF4B-00C04F79EFBC}") = "PDFtoXLSX", "PDFtoXLSX\PDFtoXLSX.csproj", "{C0E34116-ECDD-426B-86CA-775DAD9BBC5D}"
EndProject
Global
	GlobalSection(SolutionConfigurationPlatforms) = preSolution
		Debug|Any CPU = Debug|Any CPU
		Release|Any CPU = Release|Any CPU
	EndGlobalSection
	GlobalSection(ProjectConfigurationPlatforms) = postSolution
		{C0E34116-ECDD-426B-86CA-775DAD9BBC5D}.Debug|Any CPU.ActiveCfg = Debug|Any CPU
		{C0E34116-ECDD-426B-86CA-775DAD9BBC5D}.Debug|Any CPU.Build.0 = Debug|Any CPU
		{C0E34116-ECDD-426B-86CA-775DAD9BBC5D}.Release|Any CPU.ActiveCfg = Release|Any CPU
		{C0E34116-ECDD-426B-86CA-775DAD9BBC5D}.Release|Any CPU.Build.0 = Release|Any CPU
	EndGlobalSection
	GlobalSection(SolutionProperties) = preSolution
		HideSolutionNode = FALSE
	EndGlobalSection
	GlobalSection(ExtensibilityGlobals) = postSolution
		SolutionGuid = {284A4808-52FE-4EB5-91AB-54AA532CA5A1}
	EndGlobalSection
EndGlobal
